<<<<<<< HEAD
﻿
Microsoft Visual Studio Solution File, Format Version 12.00
# Visual Studio 2017
Project("{FAE04EC0-301F-11D3-BF4B-00C04F79EFBC}") = "LostGear", "LostGear.csproj", "{B5B959C3-9E9B-E7BF-4A18-7DBA4B2FD4CC}"
EndProject
Project("{FAE04EC0-301F-11D3-BF4B-00C04F79EFBC}") = "LostGear.Plugins", "LostGear.Plugins.csproj", "{68540812-44EE-7125-9DD2-CDB82B40744A}"
EndProject
Global
	GlobalSection(SolutionConfigurationPlatforms) = preSolution
		Debug|Any CPU = Debug|Any CPU
		Release|Any CPU = Release|Any CPU
	EndGlobalSection
	GlobalSection(ProjectConfigurationPlatforms) = postSolution
		{B5B959C3-9E9B-E7BF-4A18-7DBA4B2FD4CC}.Debug|Any CPU.ActiveCfg = Debug|Any CPU
		{B5B959C3-9E9B-E7BF-4A18-7DBA4B2FD4CC}.Debug|Any CPU.Build.0 = Debug|Any CPU
		{B5B959C3-9E9B-E7BF-4A18-7DBA4B2FD4CC}.Release|Any CPU.ActiveCfg = Release|Any CPU
		{B5B959C3-9E9B-E7BF-4A18-7DBA4B2FD4CC}.Release|Any CPU.Build.0 = Release|Any CPU
		{68540812-44EE-7125-9DD2-CDB82B40744A}.Debug|Any CPU.ActiveCfg = Debug|Any CPU
		{68540812-44EE-7125-9DD2-CDB82B40744A}.Debug|Any CPU.Build.0 = Debug|Any CPU
		{68540812-44EE-7125-9DD2-CDB82B40744A}.Release|Any CPU.ActiveCfg = Release|Any CPU
		{68540812-44EE-7125-9DD2-CDB82B40744A}.Release|Any CPU.Build.0 = Release|Any CPU
	EndGlobalSection
	GlobalSection(SolutionProperties) = preSolution
		HideSolutionNode = FALSE
	EndGlobalSection
EndGlobal
=======
﻿
Microsoft Visual Studio Solution File, Format Version 11.00
# Visual Studio 2010
Project("{FAE04EC0-301F-11D3-BF4B-00C04F79EFBC}") = "LostGear", "Assembly-CSharp.csproj", "{800B7CAC-D7D2-C251-716B-146479DC2288}"
EndProject
Project("{FAE04EC0-301F-11D3-BF4B-00C04F79EFBC}") = "LostGear", "Assembly-CSharp-firstpass.csproj", "{DEC11FEC-ADC3-B69C-1EA4-AC03A1FFF2A6}"
EndProject
Global
	GlobalSection(SolutionConfigurationPlatforms) = preSolution
		Debug|Any CPU = Debug|Any CPU
		Release|Any CPU = Release|Any CPU
	EndGlobalSection
	GlobalSection(ProjectConfigurationPlatforms) = postSolution
		{800B7CAC-D7D2-C251-716B-146479DC2288}.Debug|Any CPU.ActiveCfg = Debug|Any CPU
		{800B7CAC-D7D2-C251-716B-146479DC2288}.Debug|Any CPU.Build.0 = Debug|Any CPU
		{800B7CAC-D7D2-C251-716B-146479DC2288}.Release|Any CPU.ActiveCfg = Release|Any CPU
		{800B7CAC-D7D2-C251-716B-146479DC2288}.Release|Any CPU.Build.0 = Release|Any CPU
		{DEC11FEC-ADC3-B69C-1EA4-AC03A1FFF2A6}.Debug|Any CPU.ActiveCfg = Debug|Any CPU
		{DEC11FEC-ADC3-B69C-1EA4-AC03A1FFF2A6}.Debug|Any CPU.Build.0 = Debug|Any CPU
		{DEC11FEC-ADC3-B69C-1EA4-AC03A1FFF2A6}.Release|Any CPU.ActiveCfg = Release|Any CPU
		{DEC11FEC-ADC3-B69C-1EA4-AC03A1FFF2A6}.Release|Any CPU.Build.0 = Release|Any CPU
	EndGlobalSection
	GlobalSection(SolutionProperties) = preSolution
		HideSolutionNode = FALSE
	EndGlobalSection
	GlobalSection(MonoDevelopProperties) = preSolution
		StartupItem = Assembly-CSharp.csproj
	EndGlobalSection
EndGlobal
>>>>>>> origin/master
